
Microsoft Visual Studio Solution File, Format Version 12.00
# Visual Studio Version 17
VisualStudioVersion = 17.8.34330.188
MinimumVisualStudioVersion = 10.0.40219.1
Project("{9A19103F-16F7-4668-BE54-9A1E7A4F7556}") = "WeatherExerciseDependencyInjection.Presentation", "WeatherExerciseDependencyInjection\WeatherExerciseDependencyInjection.Presentation.csproj", "{56B5F78F-46C2-48C0-A602-86A36FF7905D}"
EndProject
Project("{FAE04EC0-301F-11D3-BF4B-00C04F79EFBC}") = "WeatherExerciseDependencyInjection.Interfaces", "ServiceContracts\WeatherExerciseDependencyInjection.Interfaces.csproj", "{F042584C-87D2-4DA1-99A7-BE41FCEFD75F}"
EndProject
Project("{FAE04EC0-301F-11D3-BF4B-00C04F79EFBC}") = "WeatherExerciseDependencyInjection.Services", "Services\WeatherExerciseDependencyInjection.Services.csproj", "{6D80F2EC-E707-40E1-BFA4-EEC36D9A785C}"
EndProject
Project("{FAE04EC0-301F-11D3-BF4B-00C04F79EFBC}") = "WeatherExerciseDependencyInjection.DataLayer", "DataLayer\WeatherExerciseDependencyInjection.DataLayer.csproj", "{7B4BB757-A415-4A31-B6DF-1CD66BE03FB8}"
EndProject
Project("{FAE04EC0-301F-11D3-BF4B-00C04F79EFBC}") = "WeatherExerciseDependencyInjection.Models", "Models\WeatherExerciseDependencyInjection.Models.csproj", "{6432AE06-2E5B-42A2-8AD3-AE8CA0FC3504}"
EndProject
Global
	GlobalSection(SolutionConfigurationPlatforms) = preSolution
		Debug|Any CPU = Debug|Any CPU
		Release|Any CPU = Release|Any CPU
	EndGlobalSection
	GlobalSection(ProjectConfigurationPlatforms) = postSolution
		{56B5F78F-46C2-48C0-A602-86A36FF7905D}.Debug|Any CPU.ActiveCfg = Debug|Any CPU
		{56B5F78F-46C2-48C0-A602-86A36FF7905D}.Debug|Any CPU.Build.0 = Debug|Any CPU
		{56B5F78F-46C2-48C0-A602-86A36FF7905D}.Release|Any CPU.ActiveCfg = Release|Any CPU
		{56B5F78F-46C2-48C0-A602-86A36FF7905D}.Release|Any CPU.Build.0 = Release|Any CPU
		{F042584C-87D2-4DA1-99A7-BE41FCEFD75F}.Debug|Any CPU.ActiveCfg = Debug|Any CPU
		{F042584C-87D2-4DA1-99A7-BE41FCEFD75F}.Debug|Any CPU.Build.0 = Debug|Any CPU
		{F042584C-87D2-4DA1-99A7-BE41FCEFD75F}.Release|Any CPU.ActiveCfg = Release|Any CPU
		{F042584C-87D2-4DA1-99A7-BE41FCEFD75F}.Release|Any CPU.Build.0 = Release|Any CPU
		{6D80F2EC-E707-40E1-BFA4-EEC36D9A785C}.Debug|Any CPU.ActiveCfg = Debug|Any CPU
		{6D80F2EC-E707-40E1-BFA4-EEC36D9A785C}.Debug|Any CPU.Build.0 = Debug|Any CPU
		{6D80F2EC-E707-40E1-BFA4-EEC36D9A785C}.Release|Any CPU.ActiveCfg = Release|Any CPU
		{6D80F2EC-E707-40E1-BFA4-EEC36D9A785C}.Release|Any CPU.Build.0 = Release|Any CPU
		{7B4BB757-A415-4A31-B6DF-1CD66BE03FB8}.Debug|Any CPU.ActiveCfg = Debug|Any CPU
		{7B4BB757-A415-4A31-B6DF-1CD66BE03FB8}.Debug|Any CPU.Build.0 = Debug|Any CPU
		{7B4BB757-A415-4A31-B6DF-1CD66BE03FB8}.Release|Any CPU.ActiveCfg = Release|Any CPU
		{7B4BB757-A415-4A31-B6DF-1CD66BE03FB8}.Release|Any CPU.Build.0 = Release|Any CPU
		{6432AE06-2E5B-42A2-8AD3-AE8CA0FC3504}.Debug|Any CPU.ActiveCfg = Debug|Any CPU
		{6432AE06-2E5B-42A2-8AD3-AE8CA0FC3504}.Debug|Any CPU.Build.0 = Debug|Any CPU
		{6432AE06-2E5B-42A2-8AD3-AE8CA0FC3504}.Release|Any CPU.ActiveCfg = Release|Any CPU
		{6432AE06-2E5B-42A2-8AD3-AE8CA0FC3504}.Release|Any CPU.Build.0 = Release|Any CPU
	EndGlobalSection
	GlobalSection(SolutionProperties) = preSolution
		HideSolutionNode = FALSE
	EndGlobalSection
	GlobalSection(ExtensibilityGlobals) = postSolution
		SolutionGuid = {5EFFD014-1356-4753-86DE-5DDC231E3BB8}
	EndGlobalSection
EndGlobal
